
Microsoft Visual Studio Solution File, Format Version 12.00
# Visual Studio Version 16
VisualStudioVersion = 16.0.29519.87
MinimumVisualStudioVersion = 10.0.40219.1
Project("{9A19103F-16F7-4668-BE54-9A1E7A4F7556}") = "AdventOfCode", "AdventOfCode\AdventOfCode.csproj", "{6C8F742F-E5E1-42F9-B93A-75D76915FDC8}"
EndProject
Project("{FAE04EC0-301F-11D3-BF4B-00C04F79EFBC}") = "AdventOfCodeTests", "UnitTests\AdventOfCodeTests.csproj", "{2AB835FE-E2C9-445A-AA0C-C59D1280433E}"
EndProject
Global
	GlobalSection(SolutionConfigurationPlatforms) = preSolution
		Debug|Any CPU = Debug|Any CPU
		Release|Any CPU = Release|Any CPU
	EndGlobalSection
	GlobalSection(ProjectConfigurationPlatforms) = postSolution
		{6C8F742F-E5E1-42F9-B93A-75D76915FDC8}.Debug|Any CPU.ActiveCfg = Debug|Any CPU
		{6C8F742F-E5E1-42F9-B93A-75D76915FDC8}.Debug|Any CPU.Build.0 = Debug|Any CPU
		{6C8F742F-E5E1-42F9-B93A-75D76915FDC8}.Release|Any CPU.ActiveCfg = Release|Any CPU
		{6C8F742F-E5E1-42F9-B93A-75D76915FDC8}.Release|Any CPU.Build.0 = Release|Any CPU
		{2AB835FE-E2C9-445A-AA0C-C59D1280433E}.Debug|Any CPU.ActiveCfg = Debug|Any CPU
		{2AB835FE-E2C9-445A-AA0C-C59D1280433E}.Debug|Any CPU.Build.0 = Debug|Any CPU
		{2AB835FE-E2C9-445A-AA0C-C59D1280433E}.Release|Any CPU.ActiveCfg = Release|Any CPU
		{2AB835FE-E2C9-445A-AA0C-C59D1280433E}.Release|Any CPU.Build.0 = Release|Any CPU
	EndGlobalSection
	GlobalSection(SolutionProperties) = preSolution
		HideSolutionNode = FALSE
	EndGlobalSection
	GlobalSection(ExtensibilityGlobals) = postSolution
		SolutionGuid = {E58C00AD-7695-4FE0-97A1-012DFB31E238}
	EndGlobalSection
EndGlobal
